// !$*UTF8*$!
{
	archiveVersion = 1;
	classes = {
	};
	objectVersion = 56;
	objects = {

/* Begin PBXBuildFile section */
		856FF9962BCBE43800E642B7 /* AvocadosApp.swift in Sources */ = {isa = PBXBuildFile; fileRef = 856FF9952BCBE43800E642B7 /* AvocadosApp.swift */; };
		856FF9982BCBE43800E642B7 /* ContentView.swift in Sources */ = {isa = PBXBuildFile; fileRef = 856FF9972BCBE43800E642B7 /* ContentView.swift */; };
		856FF99A2BCBE43A00E642B7 /* Assets.xcassets in Resources */ = {isa = PBXBuildFile; fileRef = 856FF9992BCBE43A00E642B7 /* Assets.xcassets */; };
		856FF99D2BCBE43A00E642B7 /* Preview Assets.xcassets in Resources */ = {isa = PBXBuildFile; fileRef = 856FF99C2BCBE43A00E642B7 /* Preview Assets.xcassets */; };
		856FF9A72BCBE43A00E642B7 /* AvocadosTests.swift in Sources */ = {isa = PBXBuildFile; fileRef = 856FF9A62BCBE43A00E642B7 /* AvocadosTests.swift */; };
		856FF9B12BCBE43A00E642B7 /* AvocadosUITests.swift in Sources */ = {isa = PBXBuildFile; fileRef = 856FF9B02BCBE43A00E642B7 /* AvocadosUITests.swift */; };
		856FF9B32BCBE43A00E642B7 /* AvocadosUITestsLaunchTests.swift in Sources */ = {isa = PBXBuildFile; fileRef = 856FF9B22BCBE43A00E642B7 /* AvocadosUITestsLaunchTests.swift */; };
		856FF9E02BCBF87000E642B7 /* Launch Screen.storyboard in Resources */ = {isa = PBXBuildFile; fileRef = 856FF9DF2BCBF87000E642B7 /* Launch Screen.storyboard */; };
		856FF9E92BCD306400E642B7 /* AvocadosView.swift in Sources */ = {isa = PBXBuildFile; fileRef = 856FF9E82BCD306400E642B7 /* AvocadosView.swift */; };
		856FF9EB2BCD307B00E642B7 /* RipeStageView.swift in Sources */ = {isa = PBXBuildFile; fileRef = 856FF9EA2BCD307B00E642B7 /* RipeStageView.swift */; };
		856FF9ED2BCD308A00E642B7 /* SettingsView.swift in Sources */ = {isa = PBXBuildFile; fileRef = 856FF9EC2BCD308A00E642B7 /* SettingsView.swift */; };
		856FF9EF2BCD309400E642B7 /* AppView.swift in Sources */ = {isa = PBXBuildFile; fileRef = 856FF9EE2BCD309400E642B7 /* AppView.swift */; };
		856FF9F52BCD371600E642B7 /* RecipesView.swift in Sources */ = {isa = PBXBuildFile; fileRef = 856FF9F42BCD371600E642B7 /* RecipesView.swift */; };
		859D40B52BCD4A53008690AD /* HeaderView.swift in Sources */ = {isa = PBXBuildFile; fileRef = 859D40B42BCD4A53008690AD /* HeaderView.swift */; };
		859D40B72BCD4F7D008690AD /* HeaderModel.swift in Sources */ = {isa = PBXBuildFile; fileRef = 859D40B62BCD4F7D008690AD /* HeaderModel.swift */; };
		859D40B92BCD4FAC008690AD /* HeaderData.swift in Sources */ = {isa = PBXBuildFile; fileRef = 859D40B82BCD4FAC008690AD /* HeaderData.swift */; };
		859D40BB2BCE7720008690AD /* Dishesview.swift in Sources */ = {isa = PBXBuildFile; fileRef = 859D40BA2BCE7720008690AD /* Dishesview.swift */; };
		859D40BD2BCE86F5008690AD /* FactsView.swift in Sources */ = {isa = PBXBuildFile; fileRef = 859D40BC2BCE86F5008690AD /* FactsView.swift */; };
		859D40BF2BCE8E35008690AD /* FactModel.swift in Sources */ = {isa = PBXBuildFile; fileRef = 859D40BE2BCE8E35008690AD /* FactModel.swift */; };
		859D40C12BCE9196008690AD /* FactData.swift in Sources */ = {isa = PBXBuildFile; fileRef = 859D40C02BCE9196008690AD /* FactData.swift */; };
		859D40C32BCE9B80008690AD /* RecipeModel.swift in Sources */ = {isa = PBXBuildFile; fileRef = 859D40C22BCE9B80008690AD /* RecipeModel.swift */; };
		859D40C52BCE9BDD008690AD /* RecipeData.swift in Sources */ = {isa = PBXBuildFile; fileRef = 859D40C42BCE9BDD008690AD /* RecipeData.swift */; };
		859D40C92BCE9CB3008690AD /* RecipeCardView.swift in Sources */ = {isa = PBXBuildFile; fileRef = 859D40C82BCE9CB3008690AD /* RecipeCardView.swift */; };
		859D40CB2BCF9B00008690AD /* RecipeRatingView.swift in Sources */ = {isa = PBXBuildFile; fileRef = 859D40CA2BCF9B00008690AD /* RecipeRatingView.swift */; };
		859D40CD2BCF9C1B008690AD /* RecipeCookingView.swift in Sources */ = {isa = PBXBuildFile; fileRef = 859D40CC2BCF9C1B008690AD /* RecipeCookingView.swift */; };
		859D40CF2BCF9CB0008690AD /* RecipeDetailView.swift in Sources */ = {isa = PBXBuildFile; fileRef = 859D40CE2BCF9CB0008690AD /* RecipeDetailView.swift */; };
		859D40D12BCFB0F7008690AD /* RipeningView.swift in Sources */ = {isa = PBXBuildFile; fileRef = 859D40D02BCFB0F7008690AD /* RipeningView.swift */; };
		859D40D32BCFBE35008690AD /* RipeningModel.swift in Sources */ = {isa = PBXBuildFile; fileRef = 859D40D22BCFBE35008690AD /* RipeningModel.swift */; };
		859D40D52BCFBE79008690AD /* RipeningData.swift in Sources */ = {isa = PBXBuildFile; fileRef = 859D40D42BCFBE79008690AD /* RipeningData.swift */; };
/* End PBXBuildFile section */

/* Begin PBXContainerItemProxy section */
		856FF9A32BCBE43A00E642B7 /* PBXContainerItemProxy */ = {
			isa = PBXContainerItemProxy;
			containerPortal = 856FF98A2BCBE43800E642B7 /* Project object */;
			proxyType = 1;
			remoteGlobalIDString = 856FF9912BCBE43800E642B7;
			remoteInfo = Avocados;
		};
		856FF9AD2BCBE43A00E642B7 /* PBXContainerItemProxy */ = {
			isa = PBXContainerItemProxy;
			containerPortal = 856FF98A2BCBE43800E642B7 /* Project object */;
			proxyType = 1;
			remoteGlobalIDString = 856FF9912BCBE43800E642B7;
			remoteInfo = Avocados;
		};
/* End PBXContainerItemProxy section */

/* Begin PBXFileReference section */
		856FF9922BCBE43800E642B7 /* Avocados.app */ = {isa = PBXFileReference; explicitFileType = wrapper.application; includeInIndex = 0; path = Avocados.app; sourceTree = BUILT_PRODUCTS_DIR; };
		856FF9952BCBE43800E642B7 /* AvocadosApp.swift */ = {isa = PBXFileReference; lastKnownFileType = sourcecode.swift; path = AvocadosApp.swift; sourceTree = "<group>"; };
		856FF9972BCBE43800E642B7 /* ContentView.swift */ = {isa = PBXFileReference; lastKnownFileType = sourcecode.swift; path = ContentView.swift; sourceTree = "<group>"; };
		856FF9992BCBE43A00E642B7 /* Assets.xcassets */ = {isa = PBXFileReference; lastKnownFileType = folder.assetcatalog; path = Assets.xcassets; sourceTree = "<group>"; };
		856FF99C2BCBE43A00E642B7 /* Preview Assets.xcassets */ = {isa = PBXFileReference; lastKnownFileType = folder.assetcatalog; path = "Preview Assets.xcassets"; sourceTree = "<group>"; };
		856FF9A22BCBE43A00E642B7 /* AvocadosTests.xctest */ = {isa = PBXFileReference; explicitFileType = wrapper.cfbundle; includeInIndex = 0; path = AvocadosTests.xctest; sourceTree = BUILT_PRODUCTS_DIR; };
		856FF9A62BCBE43A00E642B7 /* AvocadosTests.swift */ = {isa = PBXFileReference; lastKnownFileType = sourcecode.swift; path = AvocadosTests.swift; sourceTree = "<group>"; };
		856FF9AC2BCBE43A00E642B7 /* AvocadosUITests.xctest */ = {isa = PBXFileReference; explicitFileType = wrapper.cfbundle; includeInIndex = 0; path = AvocadosUITests.xctest; sourceTree = BUILT_PRODUCTS_DIR; };
		856FF9B02BCBE43A00E642B7 /* AvocadosUITests.swift */ = {isa = PBXFileReference; lastKnownFileType = sourcecode.swift; path = AvocadosUITests.swift; sourceTree = "<group>"; };
		856FF9B22BCBE43A00E642B7 /* AvocadosUITestsLaunchTests.swift */ = {isa = PBXFileReference; lastKnownFileType = sourcecode.swift; path = AvocadosUITestsLaunchTests.swift; sourceTree = "<group>"; };
		856FF9DF2BCBF87000E642B7 /* Launch Screen.storyboard */ = {isa = PBXFileReference; lastKnownFileType = file.storyboard; path = "Launch Screen.storyboard"; sourceTree = "<group>"; };
		856FF9E82BCD306400E642B7 /* AvocadosView.swift */ = {isa = PBXFileReference; lastKnownFileType = sourcecode.swift; path = AvocadosView.swift; sourceTree = "<group>"; };
		856FF9EA2BCD307B00E642B7 /* RipeStageView.swift */ = {isa = PBXFileReference; lastKnownFileType = sourcecode.swift; path = RipeStageView.swift; sourceTree = "<group>"; };
		856FF9EC2BCD308A00E642B7 /* SettingsView.swift */ = {isa = PBXFileReference; lastKnownFileType = sourcecode.swift; path = SettingsView.swift; sourceTree = "<group>"; };
		856FF9EE2BCD309400E642B7 /* AppView.swift */ = {isa = PBXFileReference; lastKnownFileType = sourcecode.swift; path = AppView.swift; sourceTree = "<group>"; };
		856FF9F42BCD371600E642B7 /* RecipesView.swift */ = {isa = PBXFileReference; lastKnownFileType = sourcecode.swift; path = RecipesView.swift; sourceTree = "<group>"; };
		859D40B42BCD4A53008690AD /* HeaderView.swift */ = {isa = PBXFileReference; lastKnownFileType = sourcecode.swift; path = HeaderView.swift; sourceTree = "<group>"; };
		859D40B62BCD4F7D008690AD /* HeaderModel.swift */ = {isa = PBXFileReference; lastKnownFileType = sourcecode.swift; path = HeaderModel.swift; sourceTree = "<group>"; };
		859D40B82BCD4FAC008690AD /* HeaderData.swift */ = {isa = PBXFileReference; lastKnownFileType = sourcecode.swift; path = HeaderData.swift; sourceTree = "<group>"; };
		859D40BA2BCE7720008690AD /* Dishesview.swift */ = {isa = PBXFileReference; lastKnownFileType = sourcecode.swift; path = Dishesview.swift; sourceTree = "<group>"; };
		859D40BC2BCE86F5008690AD /* FactsView.swift */ = {isa = PBXFileReference; lastKnownFileType = sourcecode.swift; path = FactsView.swift; sourceTree = "<group>"; };
		859D40BE2BCE8E35008690AD /* FactModel.swift */ = {isa = PBXFileReference; lastKnownFileType = sourcecode.swift; path = FactModel.swift; sourceTree = "<group>"; };
		859D40C02BCE9196008690AD /* FactData.swift */ = {isa = PBXFileReference; lastKnownFileType = sourcecode.swift; path = FactData.swift; sourceTree = "<group>"; };
		859D40C22BCE9B80008690AD /* RecipeModel.swift */ = {isa = PBXFileReference; lastKnownFileType = sourcecode.swift; path = RecipeModel.swift; sourceTree = "<group>"; };
		859D40C42BCE9BDD008690AD /* RecipeData.swift */ = {isa = PBXFileReference; lastKnownFileType = sourcecode.swift; path = RecipeData.swift; sourceTree = "<group>"; };
		859D40C82BCE9CB3008690AD /* RecipeCardView.swift */ = {isa = PBXFileReference; lastKnownFileType = sourcecode.swift; path = RecipeCardView.swift; sourceTree = "<group>"; };
		859D40CA2BCF9B00008690AD /* RecipeRatingView.swift */ = {isa = PBXFileReference; lastKnownFileType = sourcecode.swift; path = RecipeRatingView.swift; sourceTree = "<group>"; };
		859D40CC2BCF9C1B008690AD /* RecipeCookingView.swift */ = {isa = PBXFileReference; lastKnownFileType = sourcecode.swift; path = RecipeCookingView.swift; sourceTree = "<group>"; };
		859D40CE2BCF9CB0008690AD /* RecipeDetailView.swift */ = {isa = PBXFileReference; lastKnownFileType = sourcecode.swift; path = RecipeDetailView.swift; sourceTree = "<group>"; };
		859D40D02BCFB0F7008690AD /* RipeningView.swift */ = {isa = PBXFileReference; lastKnownFileType = sourcecode.swift; path = RipeningView.swift; sourceTree = "<group>"; };
		859D40D22BCFBE35008690AD /* RipeningModel.swift */ = {isa = PBXFileReference; lastKnownFileType = sourcecode.swift; path = RipeningModel.swift; sourceTree = "<group>"; };
		859D40D42BCFBE79008690AD /* RipeningData.swift */ = {isa = PBXFileReference; lastKnownFileType = sourcecode.swift; path = RipeningData.swift; sourceTree = "<group>"; };
/* End PBXFileReference section */

/* Begin PBXFrameworksBuildPhase section */
		856FF98F2BCBE43800E642B7 /* Frameworks */ = {
			isa = PBXFrameworksBuildPhase;
			buildActionMask = 2147483647;
			files = (
			);
			runOnlyForDeploymentPostprocessing = 0;
		};
		856FF99F2BCBE43A00E642B7 /* Frameworks */ = {
			isa = PBXFrameworksBuildPhase;
			buildActionMask = 2147483647;
			files = (
			);
			runOnlyForDeploymentPostprocessing = 0;
		};
		856FF9A92BCBE43A00E642B7 /* Frameworks */ = {
			isa = PBXFrameworksBuildPhase;
			buildActionMask = 2147483647;
			files = (
			);
			runOnlyForDeploymentPostprocessing = 0;
		};
/* End PBXFrameworksBuildPhase section */

/* Begin PBXGroup section */
		856FF9892BCBE43800E642B7 = {
			isa = PBXGroup;
			children = (
				856FF9942BCBE43800E642B7 /* Avocados */,
				856FF9A52BCBE43A00E642B7 /* AvocadosTests */,
				856FF9AF2BCBE43A00E642B7 /* AvocadosUITests */,
				856FF9932BCBE43800E642B7 /* Products */,
			);
			sourceTree = "<group>";
		};
		856FF9932BCBE43800E642B7 /* Products */ = {
			isa = PBXGroup;
			children = (
				856FF9922BCBE43800E642B7 /* Avocados.app */,
				856FF9A22BCBE43A00E642B7 /* AvocadosTests.xctest */,
				856FF9AC2BCBE43A00E642B7 /* AvocadosUITests.xctest */,
			);
			name = Products;
			sourceTree = "<group>";
		};
		856FF9942BCBE43800E642B7 /* Avocados */ = {
			isa = PBXGroup;
			children = (
				856FF9E72BCD303300E642B7 /* View */,
				856FF9E62BCD302A00E642B7 /* Model */,
				856FF9E52BCD302400E642B7 /* Data */,
				856FF9952BCBE43800E642B7 /* AvocadosApp.swift */,
				856FF9992BCBE43A00E642B7 /* Assets.xcassets */,
				856FF99B2BCBE43A00E642B7 /* Preview Content */,
				856FF9DF2BCBF87000E642B7 /* Launch Screen.storyboard */,
			);
			path = Avocados;
			sourceTree = "<group>";
		};
		856FF99B2BCBE43A00E642B7 /* Preview Content */ = {
			isa = PBXGroup;
			children = (
				856FF99C2BCBE43A00E642B7 /* Preview Assets.xcassets */,
			);
			path = "Preview Content";
			sourceTree = "<group>";
		};
		856FF9A52BCBE43A00E642B7 /* AvocadosTests */ = {
			isa = PBXGroup;
			children = (
				856FF9A62BCBE43A00E642B7 /* AvocadosTests.swift */,
			);
			path = AvocadosTests;
			sourceTree = "<group>";
		};
		856FF9AF2BCBE43A00E642B7 /* AvocadosUITests */ = {
			isa = PBXGroup;
			children = (
				856FF9B02BCBE43A00E642B7 /* AvocadosUITests.swift */,
				856FF9B22BCBE43A00E642B7 /* AvocadosUITestsLaunchTests.swift */,
			);
			path = AvocadosUITests;
			sourceTree = "<group>";
		};
		856FF9E52BCD302400E642B7 /* Data */ = {
			isa = PBXGroup;
			children = (
				859D40B82BCD4FAC008690AD /* HeaderData.swift */,
				859D40C02BCE9196008690AD /* FactData.swift */,
				859D40C42BCE9BDD008690AD /* RecipeData.swift */,
				859D40D42BCFBE79008690AD /* RipeningData.swift */,
			);
			path = Data;
			sourceTree = "<group>";
		};
		856FF9E62BCD302A00E642B7 /* Model */ = {
			isa = PBXGroup;
			children = (
				859D40B62BCD4F7D008690AD /* HeaderModel.swift */,
				859D40BE2BCE8E35008690AD /* FactModel.swift */,
				859D40C22BCE9B80008690AD /* RecipeModel.swift */,
				859D40D22BCFBE35008690AD /* RipeningModel.swift */,
			);
			path = Model;
			sourceTree = "<group>";
		};
		856FF9E72BCD303300E642B7 /* View */ = {
			isa = PBXGroup;
			children = (
				859D40B32BCD4A31008690AD /* TabBar */,
				856FF9972BCBE43800E642B7 /* ContentView.swift */,
				856FF9EE2BCD309400E642B7 /* AppView.swift */,
				859D40BA2BCE7720008690AD /* Dishesview.swift */,
				859D40B42BCD4A53008690AD /* HeaderView.swift */,
				859D40BC2BCE86F5008690AD /* FactsView.swift */,
				859D40C82BCE9CB3008690AD /* RecipeCardView.swift */,
				859D40CA2BCF9B00008690AD /* RecipeRatingView.swift */,
				859D40CC2BCF9C1B008690AD /* RecipeCookingView.swift */,
				859D40CE2BCF9CB0008690AD /* RecipeDetailView.swift */,
				859D40D02BCFB0F7008690AD /* RipeningView.swift */,
			);
			path = View;
			sourceTree = "<group>";
		};
		859D40B32BCD4A31008690AD /* TabBar */ = {
			isa = PBXGroup;
			children = (
				856FF9E82BCD306400E642B7 /* AvocadosView.swift */,
				856FF9EA2BCD307B00E642B7 /* RipeStageView.swift */,
				856FF9EC2BCD308A00E642B7 /* SettingsView.swift */,
				856FF9F42BCD371600E642B7 /* RecipesView.swift */,
			);
			path = TabBar;
			sourceTree = "<group>";
		};
/* End PBXGroup section */

/* Begin PBXNativeTarget section */
		856FF9912BCBE43800E642B7 /* Avocados */ = {
			isa = PBXNativeTarget;
			buildConfigurationList = 856FF9B62BCBE43A00E642B7 /* Build configuration list for PBXNativeTarget "Avocados" */;
			buildPhases = (
				856FF98E2BCBE43800E642B7 /* Sources */,
				856FF98F2BCBE43800E642B7 /* Frameworks */,
				856FF9902BCBE43800E642B7 /* Resources */,
			);
			buildRules = (
			);
			dependencies = (
			);
			name = Avocados;
			productName = Avocados;
			productReference = 856FF9922BCBE43800E642B7 /* Avocados.app */;
			productType = "com.apple.product-type.application";
		};
		856FF9A12BCBE43A00E642B7 /* AvocadosTests */ = {
			isa = PBXNativeTarget;
			buildConfigurationList = 856FF9B92BCBE43A00E642B7 /* Build configuration list for PBXNativeTarget "AvocadosTests" */;
			buildPhases = (
				856FF99E2BCBE43A00E642B7 /* Sources */,
				856FF99F2BCBE43A00E642B7 /* Frameworks */,
				856FF9A02BCBE43A00E642B7 /* Resources */,
			);
			buildRules = (
			);
			dependencies = (
				856FF9A42BCBE43A00E642B7 /* PBXTargetDependency */,
			);
			name = AvocadosTests;
			productName = AvocadosTests;
			productReference = 856FF9A22BCBE43A00E642B7 /* AvocadosTests.xctest */;
			productType = "com.apple.product-type.bundle.unit-test";
		};
		856FF9AB2BCBE43A00E642B7 /* AvocadosUITests */ = {
			isa = PBXNativeTarget;
			buildConfigurationList = 856FF9BC2BCBE43A00E642B7 /* Build configuration list for PBXNativeTarget "AvocadosUITests" */;
			buildPhases = (
				856FF9A82BCBE43A00E642B7 /* Sources */,
				856FF9A92BCBE43A00E642B7 /* Frameworks */,
				856FF9AA2BCBE43A00E642B7 /* Resources */,
			);
			buildRules = (
			);
			dependencies = (
				856FF9AE2BCBE43A00E642B7 /* PBXTargetDependency */,
			);
			name = AvocadosUITests;
			productName = AvocadosUITests;
			productReference = 856FF9AC2BCBE43A00E642B7 /* AvocadosUITests.xctest */;
			productType = "com.apple.product-type.bundle.ui-testing";
		};
/* End PBXNativeTarget section */

/* Begin PBXProject section */
		856FF98A2BCBE43800E642B7 /* Project object */ = {
			isa = PBXProject;
			attributes = {
				BuildIndependentTargetsInParallel = 1;
				LastSwiftUpdateCheck = 1520;
				LastUpgradeCheck = 1520;
				TargetAttributes = {
					856FF9912BCBE43800E642B7 = {
						CreatedOnToolsVersion = 15.2;
					};
					856FF9A12BCBE43A00E642B7 = {
						CreatedOnToolsVersion = 15.2;
						TestTargetID = 856FF9912BCBE43800E642B7;
					};
					856FF9AB2BCBE43A00E642B7 = {
						CreatedOnToolsVersion = 15.2;
						TestTargetID = 856FF9912BCBE43800E642B7;
					};
				};
			};
			buildConfigurationList = 856FF98D2BCBE43800E642B7 /* Build configuration list for PBXProject "Avocados" */;
			compatibilityVersion = "Xcode 14.0";
			developmentRegion = en;
			hasScannedForEncodings = 0;
			knownRegions = (
				en,
				Base,
			);
			mainGroup = 856FF9892BCBE43800E642B7;
			productRefGroup = 856FF9932BCBE43800E642B7 /* Products */;
			projectDirPath = "";
			projectRoot = "";
			targets = (
				856FF9912BCBE43800E642B7 /* Avocados */,
				856FF9A12BCBE43A00E642B7 /* AvocadosTests */,
				856FF9AB2BCBE43A00E642B7 /* AvocadosUITests */,
			);
		};
/* End PBXProject section */

/* Begin PBXResourcesBuildPhase section */
		856FF9902BCBE43800E642B7 /* Resources */ = {
			isa = PBXResourcesBuildPhase;
			buildActionMask = 2147483647;
			files = (
				856FF9E02BCBF87000E642B7 /* Launch Screen.storyboard in Resources */,
				856FF99D2BCBE43A00E642B7 /* Preview Assets.xcassets in Resources */,
				856FF99A2BCBE43A00E642B7 /* Assets.xcassets in Resources */,
			);
			runOnlyForDeploymentPostprocessing = 0;
		};
		856FF9A02BCBE43A00E642B7 /* Resources */ = {
			isa = PBXResourcesBuildPhase;
			buildActionMask = 2147483647;
			files = (
			);
			runOnlyForDeploymentPostprocessing = 0;
		};
		856FF9AA2BCBE43A00E642B7 /* Resources */ = {
			isa = PBXResourcesBuildPhase;
			buildActionMask = 2147483647;
			files = (
			);
			runOnlyForDeploymentPostprocessing = 0;
		};
/* End PBXResourcesBuildPhase section */

/* Begin PBXSourcesBuildPhase section */
		856FF98E2BCBE43800E642B7 /* Sources */ = {
			isa = PBXSourcesBuildPhase;
			buildActionMask = 2147483647;
			files = (
				856FF9ED2BCD308A00E642B7 /* SettingsView.swift in Sources */,
				859D40B72BCD4F7D008690AD /* HeaderModel.swift in Sources */,
				859D40C32BCE9B80008690AD /* RecipeModel.swift in Sources */,
				859D40BF2BCE8E35008690AD /* FactModel.swift in Sources */,
				859D40CD2BCF9C1B008690AD /* RecipeCookingView.swift in Sources */,
				856FF9982BCBE43800E642B7 /* ContentView.swift in Sources */,
				856FF9EF2BCD309400E642B7 /* AppView.swift in Sources */,
				856FF9EB2BCD307B00E642B7 /* RipeStageView.swift in Sources */,
				859D40CB2BCF9B00008690AD /* RecipeRatingView.swift in Sources */,
				859D40D52BCFBE79008690AD /* RipeningData.swift in Sources */,
				856FF9E92BCD306400E642B7 /* AvocadosView.swift in Sources */,
				856FF9962BCBE43800E642B7 /* AvocadosApp.swift in Sources */,
				859D40CF2BCF9CB0008690AD /* RecipeDetailView.swift in Sources */,
				859D40C92BCE9CB3008690AD /* RecipeCardView.swift in Sources */,
				856FF9F52BCD371600E642B7 /* RecipesView.swift in Sources */,
				859D40C12BCE9196008690AD /* FactData.swift in Sources */,
				859D40BB2BCE7720008690AD /* Dishesview.swift in Sources */,
				859D40D12BCFB0F7008690AD /* RipeningView.swift in Sources */,
				859D40D32BCFBE35008690AD /* RipeningModel.swift in Sources */,
				859D40B92BCD4FAC008690AD /* HeaderData.swift in Sources */,
				859D40C52BCE9BDD008690AD /* RecipeData.swift in Sources */,
				859D40BD2BCE86F5008690AD /* FactsView.swift in Sources */,
				859D40B52BCD4A53008690AD /* HeaderView.swift in Sources */,
			);
			runOnlyForDeploymentPostprocessing = 0;
		};
		856FF99E2BCBE43A00E642B7 /* Sources */ = {
			isa = PBXSourcesBuildPhase;
			buildActionMask = 2147483647;
			files = (
				856FF9A72BCBE43A00E642B7 /* AvocadosTests.swift in Sources */,
			);
			runOnlyForDeploymentPostprocessing = 0;
		};
		856FF9A82BCBE43A00E642B7 /* Sources */ = {
			isa = PBXSourcesBuildPhase;
			buildActionMask = 2147483647;
			files = (
				856FF9B32BCBE43A00E642B7 /* AvocadosUITestsLaunchTests.swift in Sources */,
				856FF9B12BCBE43A00E642B7 /* AvocadosUITests.swift in Sources */,
			);
			runOnlyForDeploymentPostprocessing = 0;
		};
/* End PBXSourcesBuildPhase section */

/* Begin PBXTargetDependency section */
		856FF9A42BCBE43A00E642B7 /* PBXTargetDependency */ = {
			isa = PBXTargetDependency;
			target = 856FF9912BCBE43800E642B7 /* Avocados */;
			targetProxy = 856FF9A32BCBE43A00E642B7 /* PBXContainerItemProxy */;
		};
		856FF9AE2BCBE43A00E642B7 /* PBXTargetDependency */ = {
			isa = PBXTargetDependency;
			target = 856FF9912BCBE43800E642B7 /* Avocados */;
			targetProxy = 856FF9AD2BCBE43A00E642B7 /* PBXContainerItemProxy */;
		};
/* End PBXTargetDependency section */

/* Begin XCBuildConfiguration section */
		856FF9B42BCBE43A00E642B7 /* Debug */ = {
			isa = XCBuildConfiguration;
			buildSettings = {
				ALWAYS_SEARCH_USER_PATHS = NO;
				ASSETCATALOG_COMPILER_GENERATE_SWIFT_ASSET_SYMBOL_EXTENSIONS = YES;
				CLANG_ANALYZER_NONNULL = YES;
				CLANG_ANALYZER_NUMBER_OBJECT_CONVERSION = YES_AGGRESSIVE;
				CLANG_CXX_LANGUAGE_STANDARD = "gnu++20";
				CLANG_ENABLE_MODULES = YES;
				CLANG_ENABLE_OBJC_ARC = YES;
				CLANG_ENABLE_OBJC_WEAK = YES;
				CLANG_WARN_BLOCK_CAPTURE_AUTORELEASING = YES;
				CLANG_WARN_BOOL_CONVERSION = YES;
				CLANG_WARN_COMMA = YES;
				CLANG_WARN_CONSTANT_CONVERSION = YES;
				CLANG_WARN_DEPRECATED_OBJC_IMPLEMENTATIONS = YES;
				CLANG_WARN_DIRECT_OBJC_ISA_USAGE = YES_ERROR;
				CLANG_WARN_DOCUMENTATION_COMMENTS = YES;
				CLANG_WARN_EMPTY_BODY = YES;
				CLANG_WARN_ENUM_CONVERSION = YES;
				CLANG_WARN_INFINITE_RECURSION = YES;
				CLANG_WARN_INT_CONVERSION = YES;
				CLANG_WARN_NON_LITERAL_NULL_CONVERSION = YES;
				CLANG_WARN_OBJC_IMPLICIT_RETAIN_SELF = YES;
				CLANG_WARN_OBJC_LITERAL_CONVERSION = YES;
				CLANG_WARN_OBJC_ROOT_CLASS = YES_ERROR;
				CLANG_WARN_QUOTED_INCLUDE_IN_FRAMEWORK_HEADER = YES;
				CLANG_WARN_RANGE_LOOP_ANALYSIS = YES;
				CLANG_WARN_STRICT_PROTOTYPES = YES;
				CLANG_WARN_SUSPICIOUS_MOVE = YES;
				CLANG_WARN_UNGUARDED_AVAILABILITY = YES_AGGRESSIVE;
				CLANG_WARN_UNREACHABLE_CODE = YES;
				CLANG_WARN__DUPLICATE_METHOD_MATCH = YES;
				COPY_PHASE_STRIP = NO;
				DEBUG_INFORMATION_FORMAT = dwarf;
				ENABLE_STRICT_OBJC_MSGSEND = YES;
				ENABLE_TESTABILITY = YES;
				ENABLE_USER_SCRIPT_SANDBOXING = YES;
				GCC_C_LANGUAGE_STANDARD = gnu17;
				GCC_DYNAMIC_NO_PIC = NO;
				GCC_NO_COMMON_BLOCKS = YES;
				GCC_OPTIMIZATION_LEVEL = 0;
				GCC_PREPROCESSOR_DEFINITIONS = (
					"DEBUG=1",
					"$(inherited)",
				);
				GCC_WARN_64_TO_32_BIT_CONVERSION = YES;
				GCC_WARN_ABOUT_RETURN_TYPE = YES_ERROR;
				GCC_WARN_UNDECLARED_SELECTOR = YES;
				GCC_WARN_UNINITIALIZED_AUTOS = YES_AGGRESSIVE;
				GCC_WARN_UNUSED_FUNCTION = YES;
				GCC_WARN_UNUSED_VARIABLE = YES;
				IPHONEOS_DEPLOYMENT_TARGET = 17.2;
				LOCALIZATION_PREFERS_STRING_CATALOGS = YES;
				MTL_ENABLE_DEBUG_INFO = INCLUDE_SOURCE;
				MTL_FAST_MATH = YES;
				ONLY_ACTIVE_ARCH = YES;
				SDKROOT = iphoneos;
				SWIFT_ACTIVE_COMPILATION_CONDITIONS = "DEBUG $(inherited)";
				SWIFT_OPTIMIZATION_LEVEL = "-Onone";
			};
			name = Debug;
		};
		856FF9B52BCBE43A00E642B7 /* Release */ = {
			isa = XCBuildConfiguration;
			buildSettings = {
				ALWAYS_SEARCH_USER_PATHS = NO;
				ASSETCATALOG_COMPILER_GENERATE_SWIFT_ASSET_SYMBOL_EXTENSIONS = YES;
				CLANG_ANALYZER_NONNULL = YES;
				CLANG_ANALYZER_NUMBER_OBJECT_CONVERSION = YES_AGGRESSIVE;
				CLANG_CXX_LANGUAGE_STANDARD = "gnu++20";
				CLANG_ENABLE_MODULES = YES;
				CLANG_ENABLE_OBJC_ARC = YES;
				CLANG_ENABLE_OBJC_WEAK = YES;
				CLANG_WARN_BLOCK_CAPTURE_AUTORELEASING = YES;
				CLANG_WARN_BOOL_CONVERSION = YES;
				CLANG_WARN_COMMA = YES;
				CLANG_WARN_CONSTANT_CONVERSION = YES;
				CLANG_WARN_DEPRECATED_OBJC_IMPLEMENTATIONS = YES;
				CLANG_WARN_DIRECT_OBJC_ISA_USAGE = YES_ERROR;
				CLANG_WARN_DOCUMENTATION_COMMENTS = YES;
				CLANG_WARN_EMPTY_BODY = YES;
				CLANG_WARN_ENUM_CONVERSION = YES;
				CLANG_WARN_INFINITE_RECURSION = YES;
				CLANG_WARN_INT_CONVERSION = YES;
				CLANG_WARN_NON_LITERAL_NULL_CONVERSION = YES;
				CLANG_WARN_OBJC_IMPLICIT_RETAIN_SELF = YES;
				CLANG_WARN_OBJC_LITERAL_CONVERSION = YES;
				CLANG_WARN_OBJC_ROOT_CLASS = YES_ERROR;
				CLANG_WARN_QUOTED_INCLUDE_IN_FRAMEWORK_HEADER = YES;
				CLANG_WARN_RANGE_LOOP_ANALYSIS = YES;
				CLANG_WARN_STRICT_PROTOTYPES = YES;
				CLANG_WARN_SUSPICIOUS_MOVE = YES;
				CLANG_WARN_UNGUARDED_AVAILABILITY = YES_AGGRESSIVE;
				CLANG_WARN_UNREACHABLE_CODE = YES;
				CLANG_WARN__DUPLICATE_METHOD_MATCH = YES;
				COPY_PHASE_STRIP = NO;
				DEBUG_INFORMATION_FORMAT = "dwarf-with-dsym";
				ENABLE_NS_ASSERTIONS = NO;
				ENABLE_STRICT_OBJC_MSGSEND = YES;
				ENABLE_USER_SCRIPT_SANDBOXING = YES;
				GCC_C_LANGUAGE_STANDARD = gnu17;
				GCC_NO_COMMON_BLOCKS = YES;
				GCC_WARN_64_TO_32_BIT_CONVERSION = YES;
				GCC_WARN_ABOUT_RETURN_TYPE = YES_ERROR;
				GCC_WARN_UNDECLARED_SELECTOR = YES;
				GCC_WARN_UNINITIALIZED_AUTOS = YES_AGGRESSIVE;
				GCC_WARN_UNUSED_FUNCTION = YES;
				GCC_WARN_UNUSED_VARIABLE = YES;
				IPHONEOS_DEPLOYMENT_TARGET = 17.2;
				LOCALIZATION_PREFERS_STRING_CATALOGS = YES;
				MTL_ENABLE_DEBUG_INFO = NO;
				MTL_FAST_MATH = YES;
				SDKROOT = iphoneos;
				SWIFT_COMPILATION_MODE = wholemodule;
				VALIDATE_PRODUCT = YES;
			};
			name = Release;
		};
		856FF9B72BCBE43A00E642B7 /* Debug */ = {
			isa = XCBuildConfiguration;
			buildSettings = {
				ASSETCATALOG_COMPILER_APPICON_NAME = AppIcon;
				ASSETCATALOG_COMPILER_GLOBAL_ACCENT_COLOR_NAME = AccentColor;
				CODE_SIGN_STYLE = Automatic;
				CURRENT_PROJECT_VERSION = 1;
				DEVELOPMENT_ASSET_PATHS = "\"Avocados/Preview Content\"";
				DEVELOPMENT_TEAM = 3H92UQY6MT;
				ENABLE_PREVIEWS = YES;
				GENERATE_INFOPLIST_FILE = YES;
				INFOPLIST_KEY_UIApplicationSceneManifest_Generation = YES;
				INFOPLIST_KEY_UIApplicationSupportsIndirectInputEvents = YES;
				INFOPLIST_KEY_UILaunchScreen_Generation = YES;
				INFOPLIST_KEY_UILaunchStoryboardName = "Launch Screen.storyboard";
				INFOPLIST_KEY_UISupportedInterfaceOrientations = UIInterfaceOrientationPortrait;
				LD_RUNPATH_SEARCH_PATHS = (
					"$(inherited)",
					"@executable_path/Frameworks",
				);
				MARKETING_VERSION = 1.0;
				PRODUCT_BUNDLE_IDENTIFIER = com.Avocados;
				PRODUCT_NAME = "$(TARGET_NAME)";
				SWIFT_EMIT_LOC_STRINGS = YES;
				SWIFT_VERSION = 5.0;
				TARGETED_DEVICE_FAMILY = "1,2";
			};
			name = Debug;
		};
		856FF9B82BCBE43A00E642B7 /* Release */ = {
			isa = XCBuildConfiguration;
			buildSettings = {
				ASSETCATALOG_COMPILER_APPICON_NAME = AppIcon;
				ASSETCATALOG_COMPILER_GLOBAL_ACCENT_COLOR_NAME = AccentColor;
				CODE_SIGN_STYLE = Automatic;
				CURRENT_PROJECT_VERSION = 1;
				DEVELOPMENT_ASSET_PATHS = "\"Avocados/Preview Content\"";
				DEVELOPMENT_TEAM = 3H92UQY6MT;
				ENABLE_PREVIEWS = YES;
				GENERATE_INFOPLIST_FILE = YES;
				INFOPLIST_KEY_UIApplicationSceneManifest_Generation = YES;
				INFOPLIST_KEY_UIApplicationSupportsIndirectInputEvents = YES;
				INFOPLIST_KEY_UILaunchScreen_Generation = YES;
				INFOPLIST_KEY_UILaunchStoryboardName = "Launch Screen.storyboard";
				INFOPLIST_KEY_UISupportedInterfaceOrientations = UIInterfaceOrientationPortrait;
				LD_RUNPATH_SEARCH_PATHS = (
					"$(inherited)",
					"@executable_path/Frameworks",
				);
				MARKETING_VERSION = 1.0;
				PRODUCT_BUNDLE_IDENTIFIER = com.Avocados;
				PRODUCT_NAME = "$(TARGET_NAME)";
				SWIFT_EMIT_LOC_STRINGS = YES;
				SWIFT_VERSION = 5.0;
				TARGETED_DEVICE_FAMILY = "1,2";
			};
			name = Release;
		};
		856FF9BA2BCBE43A00E642B7 /* Debug */ = {
			isa = XCBuildConfiguration;
			buildSettings = {
				ALWAYS_EMBED_SWIFT_STANDARD_LIBRARIES = YES;
				BUNDLE_LOADER = "$(TEST_HOST)";
				CODE_SIGN_STYLE = Automatic;
				CURRENT_PROJECT_VERSION = 1;
				DEVELOPMENT_TEAM = 3H92UQY6MT;
				GENERATE_INFOPLIST_FILE = YES;
				IPHONEOS_DEPLOYMENT_TARGET = 17.2;
				MARKETING_VERSION = 1.0;
				PRODUCT_BUNDLE_IDENTIFIER = com.AvocadosTests;
				PRODUCT_NAME = "$(TARGET_NAME)";
				SWIFT_EMIT_LOC_STRINGS = NO;
				SWIFT_VERSION = 5.0;
				TARGETED_DEVICE_FAMILY = "1,2";
				TEST_HOST = "$(BUILT_PRODUCTS_DIR)/Avocados.app/$(BUNDLE_EXECUTABLE_FOLDER_PATH)/Avocados";
			};
			name = Debug;
		};
		856FF9BB2BCBE43A00E642B7 /* Release */ = {
			isa = XCBuildConfiguration;
			buildSettings = {
				ALWAYS_EMBED_SWIFT_STANDARD_LIBRARIES = YES;
				BUNDLE_LOADER = "$(TEST_HOST)";
				CODE_SIGN_STYLE = Automatic;
				CURRENT_PROJECT_VERSION = 1;
				DEVELOPMENT_TEAM = 3H92UQY6MT;
				GENERATE_INFOPLIST_FILE = YES;
				IPHONEOS_DEPLOYMENT_TARGET = 17.2;
				MARKETING_VERSION = 1.0;
				PRODUCT_BUNDLE_IDENTIFIER = com.AvocadosTests;
				PRODUCT_NAME = "$(TARGET_NAME)";
				SWIFT_EMIT_LOC_STRINGS = NO;
				SWIFT_VERSION = 5.0;
				TARGETED_DEVICE_FAMILY = "1,2";
				TEST_HOST = "$(BUILT_PRODUCTS_DIR)/Avocados.app/$(BUNDLE_EXECUTABLE_FOLDER_PATH)/Avocados";
			};
			name = Release;
		};
		856FF9BD2BCBE43A00E642B7 /* Debug */ = {
			isa = XCBuildConfiguration;
			buildSettings = {
				ALWAYS_EMBED_SWIFT_STANDARD_LIBRARIES = YES;
				CODE_SIGN_STYLE = Automatic;
				CURRENT_PROJECT_VERSION = 1;
				DEVELOPMENT_TEAM = 3H92UQY6MT;
				GENERATE_INFOPLIST_FILE = YES;
				MARKETING_VERSION = 1.0;
				PRODUCT_BUNDLE_IDENTIFIER = com.AvocadosUITests;
				PRODUCT_NAME = "$(TARGET_NAME)";
				SWIFT_EMIT_LOC_STRINGS = NO;
				SWIFT_VERSION = 5.0;
				TARGETED_DEVICE_FAMILY = "1,2";
				TEST_TARGET_NAME = Avocados;
			};
			name = Debug;
		};
		856FF9BE2BCBE43A00E642B7 /* Release */ = {
			isa = XCBuildConfiguration;
			buildSettings = {
				ALWAYS_EMBED_SWIFT_STANDARD_LIBRARIES = YES;
				CODE_SIGN_STYLE = Automatic;
				CURRENT_PROJECT_VERSION = 1;
				DEVELOPMENT_TEAM = 3H92UQY6MT;
				GENERATE_INFOPLIST_FILE = YES;
				MARKETING_VERSION = 1.0;
				PRODUCT_BUNDLE_IDENTIFIER = com.AvocadosUITests;
				PRODUCT_NAME = "$(TARGET_NAME)";
				SWIFT_EMIT_LOC_STRINGS = NO;
				SWIFT_VERSION = 5.0;
				TARGETED_DEVICE_FAMILY = "1,2";
				TEST_TARGET_NAME = Avocados;
			};
			name = Release;
		};
/* End XCBuildConfiguration section */

/* Begin XCConfigurationList section */
		856FF98D2BCBE43800E642B7 /* Build configuration list for PBXProject "Avocados" */ = {
			isa = XCConfigurationList;
			buildConfigurations = (
				856FF9B42BCBE43A00E642B7 /* Debug */,
				856FF9B52BCBE43A00E642B7 /* Release */,
			);
			defaultConfigurationIsVisible = 0;
			defaultConfigurationName = Release;
		};
		856FF9B62BCBE43A00E642B7 /* Build configuration list for PBXNativeTarget "Avocados" */ = {
			isa = XCConfigurationList;
			buildConfigurations = (
				856FF9B72BCBE43A00E642B7 /* Debug */,
				856FF9B82BCBE43A00E642B7 /* Release */,
			);
			defaultConfigurationIsVisible = 0;
			defaultConfigurationName = Release;
		};
		856FF9B92BCBE43A00E642B7 /* Build configuration list for PBXNativeTarget "AvocadosTests" */ = {
			isa = XCConfigurationList;
			buildConfigurations = (
				856FF9BA2BCBE43A00E642B7 /* Debug */,
				856FF9BB2BCBE43A00E642B7 /* Release */,
			);
			defaultConfigurationIsVisible = 0;
			defaultConfigurationName = Release;
		};
		856FF9BC2BCBE43A00E642B7 /* Build configuration list for PBXNativeTarget "AvocadosUITests" */ = {
			isa = XCConfigurationList;
			buildConfigurations = (
				856FF9BD2BCBE43A00E642B7 /* Debug */,
				856FF9BE2BCBE43A00E642B7 /* Release */,
			);
			defaultConfigurationIsVisible = 0;
			defaultConfigurationName = Release;
		};
/* End XCConfigurationList section */
	};
	rootObject = 856FF98A2BCBE43800E642B7 /* Project object */;
}
